
Microsoft Visual Studio Solution File, Format Version 12.00
# Visual Studio Version 17
VisualStudioVersion = 17.8.34316.72
MinimumVisualStudioVersion = 10.0.40219.1
Project("{FAE04EC0-301F-11D3-BF4B-00C04F79EFBC}") = "WeatherApp", "WeatherApp\WeatherApp.csproj", "{B8C82A7E-F239-4DFF-AA24-254C969FD09C}"
EndProject
Global
	GlobalSection(SolutionConfigurationPlatforms) = preSolution
		Debug|Any CPU = Debug|Any CPU
		Release|Any CPU = Release|Any CPU
	EndGlobalSection
	GlobalSection(ProjectConfigurationPlatforms) = postSolution
		{B8C82A7E-F239-4DFF-AA24-254C969FD09C}.Debug|Any CPU.ActiveCfg = Debug|Any CPU
		{B8C82A7E-F239-4DFF-AA24-254C969FD09C}.Debug|Any CPU.Build.0 = Debug|Any CPU
		{B8C82A7E-F239-4DFF-AA24-254C969FD09C}.Release|Any CPU.ActiveCfg = Release|Any CPU
		{B8C82A7E-F239-4DFF-AA24-254C969FD09C}.Release|Any CPU.Build.0 = Release|Any CPU
	EndGlobalSection
	GlobalSection(SolutionProperties) = preSolution
		HideSolutionNode = FALSE
	EndGlobalSection
	GlobalSection(ExtensibilityGlobals) = postSolution
		SolutionGuid = {BFB11F36-1B93-4916-B47A-09B5A19235B4}
	EndGlobalSection
EndGlobal
